
Microsoft Visual Studio Solution File, Format Version 12.00
# Visual Studio Version 17
VisualStudioVersion = 17.4.33122.133
MinimumVisualStudioVersion = 10.0.40219.1
Project("{9A19103F-16F7-4668-BE54-9A1E7A4F7556}") = "001.Hello World", "001.Hello World\001.Hello World.csproj", "{27224505-C432-44CB-8A5D-4D6AE0845102}"
EndProject
Project("{9A19103F-16F7-4668-BE54-9A1E7A4F7556}") = "002.注释", "002.注释\002.注释.csproj", "{18CD7D5C-049A-4134-A394-F6BA4F198870}"
EndProject
Project("{9A19103F-16F7-4668-BE54-9A1E7A4F7556}") = "003.变量", "003.变量\003.变量.csproj", "{0D35A355-01F1-4733-AF09-B58D7565F78F}"
EndProject
Project("{9A19103F-16F7-4668-BE54-9A1E7A4F7556}") = "004.加号的使用", "004.加号的使用\004.加号的使用.csproj", "{A669A5D4-6062-4499-927E-8AD653DC72AA}"
EndProject
Project("{9A19103F-16F7-4668-BE54-9A1E7A4F7556}") = "005.占位符", "005.占位符\005.占位符.csproj", "{78D84698-257E-46B1-BFA4-617257955980}"
EndProject
Project("{9A19103F-16F7-4668-BE54-9A1E7A4F7556}") = "006.交换变量", "006.交换变量\006.交换变量.csproj", "{C49C5EC8-B2D5-49C5-A1CD-BD413233DF9A}"
EndProject
Project("{9A19103F-16F7-4668-BE54-9A1E7A4F7556}") = "007.接收用户的输入", "007.接收用户的输入\007.接收用户的输入.csproj", "{2413BA92-3F38-477D-BCD5-E79700739C0B}"
EndProject
Project("{9A19103F-16F7-4668-BE54-9A1E7A4F7556}") = "008.转义符和@的作用", "008.转义符和@的作用\008.转义符和@的作用.csproj", "{6820A317-B377-4C63-B258-16A903916132}"
EndProject
Project("{9A19103F-16F7-4668-BE54-9A1E7A4F7556}") = "009.算术运算符", "009.算术运算符\009.算术运算符.csproj", "{454D9021-AFBB-4AD5-87A6-BEE724D644D9}"
EndProject
Project("{9A19103F-16F7-4668-BE54-9A1E7A4F7556}") = "010.显式转换和隐式转换", "010.显式转换和隐式转换\010.显式转换和隐式转换.csproj", "{A14401C2-F9DE-4CF0-A683-499C1D3C125C}"
EndProject
Project("{9A19103F-16F7-4668-BE54-9A1E7A4F7556}") = "011.计算实例", "011.计算实例\011.计算实例.csproj", "{B78268D2-6E6F-4910-AA34-6BCE5D7697F1}"
EndProject
Project("{9A19103F-16F7-4668-BE54-9A1E7A4F7556}") = "012.Convert类型转换", "012.Convert类型转换\012.Convert类型转换.csproj", "{B84552E0-0074-4B33-A8BD-900F2FEC90B0}"
EndProject
Project("{9A19103F-16F7-4668-BE54-9A1E7A4F7556}") = "013.加加减减", "013.加加减减\013.加加减减.csproj", "{F313FE04-A81A-4A0D-8AF4-756CB13E55B7}"
EndProject
Project("{9A19103F-16F7-4668-BE54-9A1E7A4F7556}") = "014.关系运算符和逻辑运算符", "014.关系运算符和逻辑运算符\014.关系运算符和逻辑运算符.csproj", "{387B6C31-5986-4624-A7CD-23873B9465E1}"
EndProject
Project("{9A19103F-16F7-4668-BE54-9A1E7A4F7556}") = "015.if结构", "015.if结构\015.if结构.csproj", "{49DC91DF-D63D-40B1-A9E9-B45EF40D0C1A}"
EndProject
Project("{9A19103F-16F7-4668-BE54-9A1E7A4F7556}") = "016.异常捕获", "016.异常捕获\016.异常捕获.csproj", "{9F0F1DFC-BFE1-4587-837F-D5EE4F6B92F1}"
EndProject
Project("{9A19103F-16F7-4668-BE54-9A1E7A4F7556}") = "017.switch结构", "017.switch结构\017.switch结构.csproj", "{F96F971D-479D-44C9-95F6-C4CADE338F9D}"
EndProject
Project("{9A19103F-16F7-4668-BE54-9A1E7A4F7556}") = "018.while循环", "018.while循环\018.while循环.csproj", "{E0C1D2AC-32F1-4AB0-B9B6-AE873462213C}"
EndProject
Project("{9A19103F-16F7-4668-BE54-9A1E7A4F7556}") = "019.do while循环", "019.do while循环\019.do while循环.csproj", "{6A4818C2-C14B-438E-A77D-1F2CA3402799}"
EndProject
Project("{9A19103F-16F7-4668-BE54-9A1E7A4F7556}") = "020.for循环", "020.for循环\020.for循环.csproj", "{7ED263E5-930C-4566-BE53-415E12907915}"
EndProject
Project("{9A19103F-16F7-4668-BE54-9A1E7A4F7556}") = "021.类型转换", "021.类型转换\021.类型转换.csproj", "{68B40F50-8646-438C-8287-8C2C7770EEC8}"
EndProject
Project("{9A19103F-16F7-4668-BE54-9A1E7A4F7556}") = "022.三元表达式", "022.三元表达式\022.三元表达式.csproj", "{8CA2BA99-C5B1-4E71-8426-898CB512DD70}"
EndProject
Project("{9A19103F-16F7-4668-BE54-9A1E7A4F7556}") = "023.产生随机数", "023.产生随机数\023.产生随机数.csproj", "{1D7A5EF7-77A4-4B92-9F46-F3116E99398B}"
EndProject
Project("{9A19103F-16F7-4668-BE54-9A1E7A4F7556}") = "024.常量", "024.常量\024.常量.csproj", "{AF0CD300-243B-4DFF-BBF8-1C17EDFF1EA5}"
EndProject
Project("{9A19103F-16F7-4668-BE54-9A1E7A4F7556}") = "025.枚举", "025.枚举\025.枚举.csproj", "{0E756382-1549-4BF7-908E-BBDA2D5C61FC}"
EndProject
Project("{9A19103F-16F7-4668-BE54-9A1E7A4F7556}") = "026.结构", "026.结构\026.结构.csproj", "{23ED9C6C-947F-4992-9CDC-AFD86EB39CCC}"
EndProject
Project("{9A19103F-16F7-4668-BE54-9A1E7A4F7556}") = "027.数组", "027.数组\027.数组.csproj", "{1358396F-90B0-43E0-B8E8-594BFF198EAA}"
EndProject
Project("{9A19103F-16F7-4668-BE54-9A1E7A4F7556}") = "028.方法", "028.方法\028.方法.csproj", "{2A3F7233-2E87-4AE0-998A-AEFD03763BB7}"
EndProject
Project("{9A19103F-16F7-4668-BE54-9A1E7A4F7556}") = "029.方法的out参数", "029.方法的out参数\029.方法的out参数.csproj", "{26E5B5D9-4BEC-478C-B530-A62D8AB9E586}"
EndProject
Project("{9A19103F-16F7-4668-BE54-9A1E7A4F7556}") = "030.方法的ref参数", "030.方法的ref参数\030.方法的ref参数.csproj", "{4BEF4889-C265-457B-B8D1-1DED82217478}"
EndProject
Project("{9A19103F-16F7-4668-BE54-9A1E7A4F7556}") = "031.方法的params参数", "031.方法的params参数\031.方法的params参数.csproj", "{8846665B-88F8-475C-803F-A149CBB3E3DC}"
EndProject
Project("{9A19103F-16F7-4668-BE54-9A1E7A4F7556}") = "032.方法的重载", "032.方法的重载\032.方法的重载.csproj", "{3CBC24FF-9B7B-464A-BA82-5D4E9637FE01}"
EndProject
Project("{9A19103F-16F7-4668-BE54-9A1E7A4F7556}") = "033.类", "033.类\033.类.csproj", "{8019E2BC-3D8A-4A6B-BF61-56445CE0C083}"
EndProject
Project("{9A19103F-16F7-4668-BE54-9A1E7A4F7556}") = "034.静态和非静态", "034.静态和非静态\034.静态和非静态.csproj", "{C4E48C26-AE05-4DE5-98BE-5B3A747E0F0F}"
EndProject
Project("{9A19103F-16F7-4668-BE54-9A1E7A4F7556}") = "035.构造函数", "035.构造函数\035.构造函数.csproj", "{476AABDF-6B78-4F85-AC73-BF8D3752688A}"
EndProject
Project("{9A19103F-16F7-4668-BE54-9A1E7A4F7556}") = "036.命名空间", "036.命名空间\036.命名空间.csproj", "{342163DE-1878-4017-8761-831298A8F6BF}"
EndProject
Project("{9A19103F-16F7-4668-BE54-9A1E7A4F7556}") = "037.值类型和引用类型", "037.值类型和引用类型\037.值类型和引用类型.csproj", "{4F520FBA-0D76-439E-AF93-7BE582E21745}"
EndProject
Project("{9A19103F-16F7-4668-BE54-9A1E7A4F7556}") = "038.字符串", "038.字符串\038.字符串.csproj", "{0DB0DCC1-A4B7-4E17-90FE-961231B065EC}"
EndProject
Project("{FAE04EC0-301F-11D3-BF4B-00C04F79EFBC}") = "039.继承", "039.继承\039.继承.csproj", "{A7AAC51E-A2C4-4D2B-B7C9-6CA212D7E048}"
EndProject
Global
	GlobalSection(SolutionConfigurationPlatforms) = preSolution
		Debug|Any CPU = Debug|Any CPU
		Release|Any CPU = Release|Any CPU
	EndGlobalSection
	GlobalSection(ProjectConfigurationPlatforms) = postSolution
		{27224505-C432-44CB-8A5D-4D6AE0845102}.Debug|Any CPU.ActiveCfg = Debug|Any CPU
		{27224505-C432-44CB-8A5D-4D6AE0845102}.Debug|Any CPU.Build.0 = Debug|Any CPU
		{27224505-C432-44CB-8A5D-4D6AE0845102}.Release|Any CPU.ActiveCfg = Release|Any CPU
		{27224505-C432-44CB-8A5D-4D6AE0845102}.Release|Any CPU.Build.0 = Release|Any CPU
		{18CD7D5C-049A-4134-A394-F6BA4F198870}.Debug|Any CPU.ActiveCfg = Debug|Any CPU
		{18CD7D5C-049A-4134-A394-F6BA4F198870}.Debug|Any CPU.Build.0 = Debug|Any CPU
		{18CD7D5C-049A-4134-A394-F6BA4F198870}.Release|Any CPU.ActiveCfg = Release|Any CPU
		{18CD7D5C-049A-4134-A394-F6BA4F198870}.Release|Any CPU.Build.0 = Release|Any CPU
		{0D35A355-01F1-4733-AF09-B58D7565F78F}.Debug|Any CPU.ActiveCfg = Debug|Any CPU
		{0D35A355-01F1-4733-AF09-B58D7565F78F}.Debug|Any CPU.Build.0 = Debug|Any CPU
		{0D35A355-01F1-4733-AF09-B58D7565F78F}.Release|Any CPU.ActiveCfg = Release|Any CPU
		{0D35A355-01F1-4733-AF09-B58D7565F78F}.Release|Any CPU.Build.0 = Release|Any CPU
		{A669A5D4-6062-4499-927E-8AD653DC72AA}.Debug|Any CPU.ActiveCfg = Debug|Any CPU
		{A669A5D4-6062-4499-927E-8AD653DC72AA}.Debug|Any CPU.Build.0 = Debug|Any CPU
		{A669A5D4-6062-4499-927E-8AD653DC72AA}.Release|Any CPU.ActiveCfg = Release|Any CPU
		{A669A5D4-6062-4499-927E-8AD653DC72AA}.Release|Any CPU.Build.0 = Release|Any CPU
		{78D84698-257E-46B1-BFA4-617257955980}.Debug|Any CPU.ActiveCfg = Debug|Any CPU
		{78D84698-257E-46B1-BFA4-617257955980}.Debug|Any CPU.Build.0 = Debug|Any CPU
		{78D84698-257E-46B1-BFA4-617257955980}.Release|Any CPU.ActiveCfg = Release|Any CPU
		{78D84698-257E-46B1-BFA4-617257955980}.Release|Any CPU.Build.0 = Release|Any CPU
		{C49C5EC8-B2D5-49C5-A1CD-BD413233DF9A}.Debug|Any CPU.ActiveCfg = Debug|Any CPU
		{C49C5EC8-B2D5-49C5-A1CD-BD413233DF9A}.Debug|Any CPU.Build.0 = Debug|Any CPU
		{C49C5EC8-B2D5-49C5-A1CD-BD413233DF9A}.Release|Any CPU.ActiveCfg = Release|Any CPU
		{C49C5EC8-B2D5-49C5-A1CD-BD413233DF9A}.Release|Any CPU.Build.0 = Release|Any CPU
		{2413BA92-3F38-477D-BCD5-E79700739C0B}.Debug|Any CPU.ActiveCfg = Debug|Any CPU
		{2413BA92-3F38-477D-BCD5-E79700739C0B}.Debug|Any CPU.Build.0 = Debug|Any CPU
		{2413BA92-3F38-477D-BCD5-E79700739C0B}.Release|Any CPU.ActiveCfg = Release|Any CPU
		{2413BA92-3F38-477D-BCD5-E79700739C0B}.Release|Any CPU.Build.0 = Release|Any CPU
		{6820A317-B377-4C63-B258-16A903916132}.Debug|Any CPU.ActiveCfg = Debug|Any CPU
		{6820A317-B377-4C63-B258-16A903916132}.Debug|Any CPU.Build.0 = Debug|Any CPU
		{6820A317-B377-4C63-B258-16A903916132}.Release|Any CPU.ActiveCfg = Release|Any CPU
		{6820A317-B377-4C63-B258-16A903916132}.Release|Any CPU.Build.0 = Release|Any CPU
		{454D9021-AFBB-4AD5-87A6-BEE724D644D9}.Debug|Any CPU.ActiveCfg = Debug|Any CPU
		{454D9021-AFBB-4AD5-87A6-BEE724D644D9}.Debug|Any CPU.Build.0 = Debug|Any CPU
		{454D9021-AFBB-4AD5-87A6-BEE724D644D9}.Release|Any CPU.ActiveCfg = Release|Any CPU
		{454D9021-AFBB-4AD5-87A6-BEE724D644D9}.Release|Any CPU.Build.0 = Release|Any CPU
		{A14401C2-F9DE-4CF0-A683-499C1D3C125C}.Debug|Any CPU.ActiveCfg = Debug|Any CPU
		{A14401C2-F9DE-4CF0-A683-499C1D3C125C}.Debug|Any CPU.Build.0 = Debug|Any CPU
		{A14401C2-F9DE-4CF0-A683-499C1D3C125C}.Release|Any CPU.ActiveCfg = Release|Any CPU
		{A14401C2-F9DE-4CF0-A683-499C1D3C125C}.Release|Any CPU.Build.0 = Release|Any CPU
		{B78268D2-6E6F-4910-AA34-6BCE5D7697F1}.Debug|Any CPU.ActiveCfg = Debug|Any CPU
		{B78268D2-6E6F-4910-AA34-6BCE5D7697F1}.Debug|Any CPU.Build.0 = Debug|Any CPU
		{B78268D2-6E6F-4910-AA34-6BCE5D7697F1}.Release|Any CPU.ActiveCfg = Release|Any CPU
		{B78268D2-6E6F-4910-AA34-6BCE5D7697F1}.Release|Any CPU.Build.0 = Release|Any CPU
		{B84552E0-0074-4B33-A8BD-900F2FEC90B0}.Debug|Any CPU.ActiveCfg = Debug|Any CPU
		{B84552E0-0074-4B33-A8BD-900F2FEC90B0}.Debug|Any CPU.Build.0 = Debug|Any CPU
		{B84552E0-0074-4B33-A8BD-900F2FEC90B0}.Release|Any CPU.ActiveCfg = Release|Any CPU
		{B84552E0-0074-4B33-A8BD-900F2FEC90B0}.Release|Any CPU.Build.0 = Release|Any CPU
		{F313FE04-A81A-4A0D-8AF4-756CB13E55B7}.Debug|Any CPU.ActiveCfg = Debug|Any CPU
		{F313FE04-A81A-4A0D-8AF4-756CB13E55B7}.Debug|Any CPU.Build.0 = Debug|Any CPU
		{F313FE04-A81A-4A0D-8AF4-756CB13E55B7}.Release|Any CPU.ActiveCfg = Release|Any CPU
		{F313FE04-A81A-4A0D-8AF4-756CB13E55B7}.Release|Any CPU.Build.0 = Release|Any CPU
		{387B6C31-5986-4624-A7CD-23873B9465E1}.Debug|Any CPU.ActiveCfg = Debug|Any CPU
		{387B6C31-5986-4624-A7CD-23873B9465E1}.Debug|Any CPU.Build.0 = Debug|Any CPU
		{387B6C31-5986-4624-A7CD-23873B9465E1}.Release|Any CPU.ActiveCfg = Release|Any CPU
		{387B6C31-5986-4624-A7CD-23873B9465E1}.Release|Any CPU.Build.0 = Release|Any CPU
		{49DC91DF-D63D-40B1-A9E9-B45EF40D0C1A}.Debug|Any CPU.ActiveCfg = Debug|Any CPU
		{49DC91DF-D63D-40B1-A9E9-B45EF40D0C1A}.Debug|Any CPU.Build.0 = Debug|Any CPU
		{49DC91DF-D63D-40B1-A9E9-B45EF40D0C1A}.Release|Any CPU.ActiveCfg = Release|Any CPU
		{49DC91DF-D63D-40B1-A9E9-B45EF40D0C1A}.Release|Any CPU.Build.0 = Release|Any CPU
		{9F0F1DFC-BFE1-4587-837F-D5EE4F6B92F1}.Debug|Any CPU.ActiveCfg = Debug|Any CPU
		{9F0F1DFC-BFE1-4587-837F-D5EE4F6B92F1}.Debug|Any CPU.Build.0 = Debug|Any CPU
		{9F0F1DFC-BFE1-4587-837F-D5EE4F6B92F1}.Release|Any CPU.ActiveCfg = Release|Any CPU
		{9F0F1DFC-BFE1-4587-837F-D5EE4F6B92F1}.Release|Any CPU.Build.0 = Release|Any CPU
		{F96F971D-479D-44C9-95F6-C4CADE338F9D}.Debug|Any CPU.ActiveCfg = Debug|Any CPU
		{F96F971D-479D-44C9-95F6-C4CADE338F9D}.Debug|Any CPU.Build.0 = Debug|Any CPU
		{F96F971D-479D-44C9-95F6-C4CADE338F9D}.Release|Any CPU.ActiveCfg = Release|Any CPU
		{F96F971D-479D-44C9-95F6-C4CADE338F9D}.Release|Any CPU.Build.0 = Release|Any CPU
		{E0C1D2AC-32F1-4AB0-B9B6-AE873462213C}.Debug|Any CPU.ActiveCfg = Debug|Any CPU
		{E0C1D2AC-32F1-4AB0-B9B6-AE873462213C}.Debug|Any CPU.Build.0 = Debug|Any CPU
		{E0C1D2AC-32F1-4AB0-B9B6-AE873462213C}.Release|Any CPU.ActiveCfg = Release|Any CPU
		{E0C1D2AC-32F1-4AB0-B9B6-AE873462213C}.Release|Any CPU.Build.0 = Release|Any CPU
		{6A4818C2-C14B-438E-A77D-1F2CA3402799}.Debug|Any CPU.ActiveCfg = Debug|Any CPU
		{6A4818C2-C14B-438E-A77D-1F2CA3402799}.Debug|Any CPU.Build.0 = Debug|Any CPU
		{6A4818C2-C14B-438E-A77D-1F2CA3402799}.Release|Any CPU.ActiveCfg = Release|Any CPU
		{6A4818C2-C14B-438E-A77D-1F2CA3402799}.Release|Any CPU.Build.0 = Release|Any CPU
		{7ED263E5-930C-4566-BE53-415E12907915}.Debug|Any CPU.ActiveCfg = Debug|Any CPU
		{7ED263E5-930C-4566-BE53-415E12907915}.Debug|Any CPU.Build.0 = Debug|Any CPU
		{7ED263E5-930C-4566-BE53-415E12907915}.Release|Any CPU.ActiveCfg = Release|Any CPU
		{7ED263E5-930C-4566-BE53-415E12907915}.Release|Any CPU.Build.0 = Release|Any CPU
		{68B40F50-8646-438C-8287-8C2C7770EEC8}.Debug|Any CPU.ActiveCfg = Debug|Any CPU
		{68B40F50-8646-438C-8287-8C2C7770EEC8}.Debug|Any CPU.Build.0 = Debug|Any CPU
		{68B40F50-8646-438C-8287-8C2C7770EEC8}.Release|Any CPU.ActiveCfg = Release|Any CPU
		{68B40F50-8646-438C-8287-8C2C7770EEC8}.Release|Any CPU.Build.0 = Release|Any CPU
		{8CA2BA99-C5B1-4E71-8426-898CB512DD70}.Debug|Any CPU.ActiveCfg = Debug|Any CPU
		{8CA2BA99-C5B1-4E71-8426-898CB512DD70}.Debug|Any CPU.Build.0 = Debug|Any CPU
		{8CA2BA99-C5B1-4E71-8426-898CB512DD70}.Release|Any CPU.ActiveCfg = Release|Any CPU
		{8CA2BA99-C5B1-4E71-8426-898CB512DD70}.Release|Any CPU.Build.0 = Release|Any CPU
		{1D7A5EF7-77A4-4B92-9F46-F3116E99398B}.Debug|Any CPU.ActiveCfg = Debug|Any CPU
		{1D7A5EF7-77A4-4B92-9F46-F3116E99398B}.Debug|Any CPU.Build.0 = Debug|Any CPU
		{1D7A5EF7-77A4-4B92-9F46-F3116E99398B}.Release|Any CPU.ActiveCfg = Release|Any CPU
		{1D7A5EF7-77A4-4B92-9F46-F3116E99398B}.Release|Any CPU.Build.0 = Release|Any CPU
		{AF0CD300-243B-4DFF-BBF8-1C17EDFF1EA5}.Debug|Any CPU.ActiveCfg = Debug|Any CPU
		{AF0CD300-243B-4DFF-BBF8-1C17EDFF1EA5}.Debug|Any CPU.Build.0 = Debug|Any CPU
		{AF0CD300-243B-4DFF-BBF8-1C17EDFF1EA5}.Release|Any CPU.ActiveCfg = Release|Any CPU
		{AF0CD300-243B-4DFF-BBF8-1C17EDFF1EA5}.Release|Any CPU.Build.0 = Release|Any CPU
		{0E756382-1549-4BF7-908E-BBDA2D5C61FC}.Debug|Any CPU.ActiveCfg = Debug|Any CPU
		{0E756382-1549-4BF7-908E-BBDA2D5C61FC}.Debug|Any CPU.Build.0 = Debug|Any CPU
		{0E756382-1549-4BF7-908E-BBDA2D5C61FC}.Release|Any CPU.ActiveCfg = Release|Any CPU
		{0E756382-1549-4BF7-908E-BBDA2D5C61FC}.Release|Any CPU.Build.0 = Release|Any CPU
		{23ED9C6C-947F-4992-9CDC-AFD86EB39CCC}.Debug|Any CPU.ActiveCfg = Debug|Any CPU
		{23ED9C6C-947F-4992-9CDC-AFD86EB39CCC}.Debug|Any CPU.Build.0 = Debug|Any CPU
		{23ED9C6C-947F-4992-9CDC-AFD86EB39CCC}.Release|Any CPU.ActiveCfg = Release|Any CPU
		{23ED9C6C-947F-4992-9CDC-AFD86EB39CCC}.Release|Any CPU.Build.0 = Release|Any CPU
		{1358396F-90B0-43E0-B8E8-594BFF198EAA}.Debug|Any CPU.ActiveCfg = Debug|Any CPU
		{1358396F-90B0-43E0-B8E8-594BFF198EAA}.Debug|Any CPU.Build.0 = Debug|Any CPU
		{1358396F-90B0-43E0-B8E8-594BFF198EAA}.Release|Any CPU.ActiveCfg = Release|Any CPU
		{1358396F-90B0-43E0-B8E8-594BFF198EAA}.Release|Any CPU.Build.0 = Release|Any CPU
		{2A3F7233-2E87-4AE0-998A-AEFD03763BB7}.Debug|Any CPU.ActiveCfg = Debug|Any CPU
		{2A3F7233-2E87-4AE0-998A-AEFD03763BB7}.Debug|Any CPU.Build.0 = Debug|Any CPU
		{2A3F7233-2E87-4AE0-998A-AEFD03763BB7}.Release|Any CPU.ActiveCfg = Release|Any CPU
		{2A3F7233-2E87-4AE0-998A-AEFD03763BB7}.Release|Any CPU.Build.0 = Release|Any CPU
		{26E5B5D9-4BEC-478C-B530-A62D8AB9E586}.Debug|Any CPU.ActiveCfg = Debug|Any CPU
		{26E5B5D9-4BEC-478C-B530-A62D8AB9E586}.Debug|Any CPU.Build.0 = Debug|Any CPU
		{26E5B5D9-4BEC-478C-B530-A62D8AB9E586}.Release|Any CPU.ActiveCfg = Release|Any CPU
		{26E5B5D9-4BEC-478C-B530-A62D8AB9E586}.Release|Any CPU.Build.0 = Release|Any CPU
		{4BEF4889-C265-457B-B8D1-1DED82217478}.Debug|Any CPU.ActiveCfg = Debug|Any CPU
		{4BEF4889-C265-457B-B8D1-1DED82217478}.Debug|Any CPU.Build.0 = Debug|Any CPU
		{4BEF4889-C265-457B-B8D1-1DED82217478}.Release|Any CPU.ActiveCfg = Release|Any CPU
		{4BEF4889-C265-457B-B8D1-1DED82217478}.Release|Any CPU.Build.0 = Release|Any CPU
		{8846665B-88F8-475C-803F-A149CBB3E3DC}.Debug|Any CPU.ActiveCfg = Debug|Any CPU
		{8846665B-88F8-475C-803F-A149CBB3E3DC}.Debug|Any CPU.Build.0 = Debug|Any CPU
		{8846665B-88F8-475C-803F-A149CBB3E3DC}.Release|Any CPU.ActiveCfg = Release|Any CPU
		{8846665B-88F8-475C-803F-A149CBB3E3DC}.Release|Any CPU.Build.0 = Release|Any CPU
		{3CBC24FF-9B7B-464A-BA82-5D4E9637FE01}.Debug|Any CPU.ActiveCfg = Debug|Any CPU
		{3CBC24FF-9B7B-464A-BA82-5D4E9637FE01}.Debug|Any CPU.Build.0 = Debug|Any CPU
		{3CBC24FF-9B7B-464A-BA82-5D4E9637FE01}.Release|Any CPU.ActiveCfg = Release|Any CPU
		{3CBC24FF-9B7B-464A-BA82-5D4E9637FE01}.Release|Any CPU.Build.0 = Release|Any CPU
		{8019E2BC-3D8A-4A6B-BF61-56445CE0C083}.Debug|Any CPU.ActiveCfg = Debug|Any CPU
		{8019E2BC-3D8A-4A6B-BF61-56445CE0C083}.Debug|Any CPU.Build.0 = Debug|Any CPU
		{8019E2BC-3D8A-4A6B-BF61-56445CE0C083}.Release|Any CPU.ActiveCfg = Release|Any CPU
		{8019E2BC-3D8A-4A6B-BF61-56445CE0C083}.Release|Any CPU.Build.0 = Release|Any CPU
		{C4E48C26-AE05-4DE5-98BE-5B3A747E0F0F}.Debug|Any CPU.ActiveCfg = Debug|Any CPU
		{C4E48C26-AE05-4DE5-98BE-5B3A747E0F0F}.Debug|Any CPU.Build.0 = Debug|Any CPU
		{C4E48C26-AE05-4DE5-98BE-5B3A747E0F0F}.Release|Any CPU.ActiveCfg = Release|Any CPU
		{C4E48C26-AE05-4DE5-98BE-5B3A747E0F0F}.Release|Any CPU.Build.0 = Release|Any CPU
		{476AABDF-6B78-4F85-AC73-BF8D3752688A}.Debug|Any CPU.ActiveCfg = Debug|Any CPU
		{476AABDF-6B78-4F85-AC73-BF8D3752688A}.Debug|Any CPU.Build.0 = Debug|Any CPU
		{476AABDF-6B78-4F85-AC73-BF8D3752688A}.Release|Any CPU.ActiveCfg = Release|Any CPU
		{476AABDF-6B78-4F85-AC73-BF8D3752688A}.Release|Any CPU.Build.0 = Release|Any CPU
		{342163DE-1878-4017-8761-831298A8F6BF}.Debug|Any CPU.ActiveCfg = Debug|Any CPU
		{342163DE-1878-4017-8761-831298A8F6BF}.Debug|Any CPU.Build.0 = Debug|Any CPU
		{342163DE-1878-4017-8761-831298A8F6BF}.Release|Any CPU.ActiveCfg = Release|Any CPU
		{342163DE-1878-4017-8761-831298A8F6BF}.Release|Any CPU.Build.0 = Release|Any CPU
		{4F520FBA-0D76-439E-AF93-7BE582E21745}.Debug|Any CPU.ActiveCfg = Debug|Any CPU
		{4F520FBA-0D76-439E-AF93-7BE582E21745}.Debug|Any CPU.Build.0 = Debug|Any CPU
		{4F520FBA-0D76-439E-AF93-7BE582E21745}.Release|Any CPU.ActiveCfg = Release|Any CPU
		{4F520FBA-0D76-439E-AF93-7BE582E21745}.Release|Any CPU.Build.0 = Release|Any CPU
		{0DB0DCC1-A4B7-4E17-90FE-961231B065EC}.Debug|Any CPU.ActiveCfg = Debug|Any CPU
		{0DB0DCC1-A4B7-4E17-90FE-961231B065EC}.Debug|Any CPU.Build.0 = Debug|Any CPU
		{0DB0DCC1-A4B7-4E17-90FE-961231B065EC}.Release|Any CPU.ActiveCfg = Release|Any CPU
		{0DB0DCC1-A4B7-4E17-90FE-961231B065EC}.Release|Any CPU.Build.0 = Release|Any CPU
		{A7AAC51E-A2C4-4D2B-B7C9-6CA212D7E048}.Debug|Any CPU.ActiveCfg = Debug|Any CPU
		{A7AAC51E-A2C4-4D2B-B7C9-6CA212D7E048}.Debug|Any CPU.Build.0 = Debug|Any CPU
		{A7AAC51E-A2C4-4D2B-B7C9-6CA212D7E048}.Release|Any CPU.ActiveCfg = Release|Any CPU
		{A7AAC51E-A2C4-4D2B-B7C9-6CA212D7E048}.Release|Any CPU.Build.0 = Release|Any CPU
	EndGlobalSection
	GlobalSection(SolutionProperties) = preSolution
		HideSolutionNode = FALSE
	EndGlobalSection
	GlobalSection(ExtensibilityGlobals) = postSolution
		SolutionGuid = {FB43AE27-A2B6-47EC-91B2-790E0929C6D7}
	EndGlobalSection
EndGlobal
